version = 1
revision = 3
requires-python = ">=3.14"

[[package]]
name = "evdev"
version = "1.9.3"
source = { registry = "https://pypi.org/simple" }
sdist = { url = "https://files.pythonhosted.org/packages/a5/f5/397b61091120a9ca5001041dd7bf76c385b3bfd67a0e5bcb74b852bd22a4/evdev-1.9.3.tar.gz", hash = "sha256:2c140e01ac8437758fa23fe5c871397412461f42d421aa20241dc8fe8cfccbc9", size = 32723, upload-time = "2026-02-05T21:54:24.987Z" }

[[package]]
name = "pykeystroke"
version = "0.1.0"
source = { virtual = "." }
dependencies = [
    { name = "pynput" },
    { name = "winotify" },
]

[package.metadata]
requires-dist = [
    { name = "pynput", specifier = ">=1.8.2" },
    { name = "winotify", specifier = ">=1.1.0" },
]

[[package]]
name = "pynput"
version = "1.8.2"
source = { registry = "https://pypi.org/simple" }
dependencies = [
    { name = "evdev", marker = "'linux' in sys_platform" },
    { name = "pyobjc-framework-applicationservices", marker = "sys_platform == 'darwin'" },
    { name = "pyobjc-framework-quartz", marker = "sys_platform == 'darwin'" },
    { name = "python-xlib", marker = "'linux' in sys_platform" },
    { name = "six" },
]
sdist = { url = "https://files.pythonhosted.org/packages/86/c6/e2d415610cfbc78308bee44218a46124aaa3301b1df08814df819b2254a1/pynput-1.8.2.tar.gz", hash = "sha256:f493c87157cd3861b4468f7f896857051762f44ed26f1b641e7cc5840a457087", size = 82818, upload-time = "2026-05-12T19:11:39.464Z" }
wheels = [
    { url = "https://files.pythonhosted.org/packages/6d/98/bbeb760852adb27f166ce1617f0e51aabb15f21b1e60ea703f2aed3c78ac/pynput-1.8.2-py2.py3-none-any.whl", hash = "sha256:8cc38cf13a6ab2749cb375678be8a0fd705d7ce49c8001ff5db4007a723bbef1", size = 92028, upload-time = "2026-05-12T19:11:37.89Z" },
]

[[package]]
name = "pyobjc-core"
version = "12.2"
source = { registry = "https://pypi.org/simple" }
sdist = { url = "https://files.pythonhosted.org/packages/2a/e8/a6cc12669211e7c9b29e8f26bf2159e67c7a73555dc229018abf46d8167a/pyobjc_core-12.2.tar.gz", hash = "sha256:51d7de4cfa32f508c6a7aac31f131b12d5e196a8dcf588e6e8d7e6337224f66d", size = 1062064, upload-time = "2026-05-30T12:29:55.417Z" }
wheels = [
    { url = "https://files.pythonhosted.org/packages/2e/b2/ecfbd0c80e7688ed6f3db23414758443c69c3a9d318f2036e26530ede955/pyobjc_core-12.2-cp314-cp314-macosx_10_15_universal2.whl", hash = "sha256:a51352e478785cd7fce1604b9902125a286139caea0759cb340e59d75b594992", size = 6421372, upload-time = "2026-05-30T10:47:27.907Z" },
    { url = "https://files.pythonhosted.org/packages/2b/89/ecd5cb62573fba9a95f8bdb838a9860a360907104a0724af6611d3b20512/pyobjc_core-12.2-cp314-cp314t-macosx_10_15_universal2.whl", hash = "sha256:3137b2d14f9f2154fb5b1c092c38d15e164f68ab190c18335d76e4e7e1583f79", size = 6676789, upload-time = "2026-05-30T10:59:33.811Z" },
    { url = "https://files.pythonhosted.org/packages/74/24/5091d156b19df0f657127f42b08eada11c9b9cc5df49fedb91bb354d9821/pyobjc_core-12.2-cp315-cp315-macosx_10_15_universal2.whl", hash = "sha256:1e4216f2ec962dc13cf7f31b9bc3a7190337a0f401e7dc9de6b2d8c08b9dbb7a", size = 6476112, upload-time = "2026-05-30T11:21:46.914Z" },
    { url = "https://files.pythonhosted.org/packages/77/e2/ee91ea8a0ad28e759f351ed8654027c34fc62ad5e207672522025a6a3fc2/pyobjc_core-12.2-cp315-cp315t-macosx_10_15_universal2.whl", hash = "sha256:ac952bac8057dd0b97ee7b311c39f97cad7430b7cfbd67ca0a30135a7d17d2ab", size = 6718365, upload-time = "2026-05-30T11:51:47.35Z" },
]

[[package]]
name = "pyobjc-framework-applicationservices"
version = "12.2"
source = { registry = "https://pypi.org/simple" }
dependencies = [
    { name = "pyobjc-core" },
    { name = "pyobjc-framework-cocoa" },
    { name = "pyobjc-framework-coretext" },
    { name = "pyobjc-framework-quartz" },
]
sdist = { url = "https://files.pythonhosted.org/packages/a9/ab/1776ac62687cb3d81e59517ca55970f26efa5a96bbf3ebcea57afcdd6b06/pyobjc_framework_applicationservices-12.2.tar.gz", hash = "sha256:4f6c4027405f709872e5b098f3cd86961bdf262fb80679a548725a02171bb0cf", size = 109325, upload-time = "2026-05-30T12:30:18.7Z" }
wheels = [
    { url = "https://files.pythonhosted.org/packages/c6/60/43c4e2697971bb9ec7766d6fe00861ef2055f3fa7d733c407676fcd5cbac/pyobjc_framework_applicationservices-12.2-cp314-cp314-macosx_10_15_universal2.whl", hash = "sha256:d157ace1d768665f180cf9711fb31ddb29006e5df545e7e3ebf2be5054c6170d", size = 32896, upload-time = "2026-05-30T11:52:47.456Z" },
    { url = "https://files.pythonhosted.org/packages/03/12/4f0662012b77b9c15afb6c52fa92e069d2a6793dcfcd9864bfef4c7d3c4b/pyobjc_framework_applicationservices-12.2-cp314-cp314t-macosx_10_15_universal2.whl", hash = "sha256:9be6f6866f532fca35f7d62f27f43df6a95c8b195030d44b9d68ed63ecb1e1f0", size = 33135, upload-time = "2026-05-30T11:52:50.587Z" },
    { url = "https://files.pythonhosted.org/packages/36/9d/91c93ad58e6b52035da745c2ddcbb32018a03091d9f139e077f53089a002/pyobjc_framework_applicationservices-12.2-cp315-cp315-macosx_10_15_universal2.whl", hash = "sha256:01afa4ef373edc58cd3fa55f5fe5d7db5dda22b8e6ff65f743a509180149dab7", size = 32888, upload-time = "2026-05-30T11:52:53.487Z" },
    { url = "https://files.pythonhosted.org/packages/33/f5/c25b153ea0be05a749915bc45b4f9d85e7d84d2fbafc81efe68cae29540e/pyobjc_framework_applicationservices-12.2-cp315-cp315t-macosx_10_15_universal2.whl", hash = "sha256:8e14e97fc6bbedc95479f7b408f00e3b4aaaafafc23f9e2a955210beca15b474", size = 33128, upload-time = "2026-05-30T11:52:56.477Z" },
]

[[package]]
name = "pyobjc-framework-cocoa"
version = "12.2"
source = { registry = "https://pypi.org/simple" }
dependencies = [
    { name = "pyobjc-core" },
]
sdist = { url = "https://files.pythonhosted.org/packages/6d/cc/927169225e72bab9c9b44285656768fb75052a0bc85fdbca62740e1ca43c/pyobjc_framework_cocoa-12.2.tar.gz", hash = "sha256:20b392e2b7241caad0538dfde12143343e5dfe48f72e7df660a7548e635903dc", size = 3125555, upload-time = "2026-05-30T12:35:09.273Z" }
wheels = [
    { url = "https://files.pythonhosted.org/packages/56/4b/df8e359e5e422e8f1430bde038aa64364e8c1d4542d7f6fcc4f8a97ec0b7/pyobjc_framework_cocoa-12.2-cp314-cp314-macosx_10_15_universal2.whl", hash = "sha256:aecfd44908fa12a9291fb6ca2458ebbc611102de6784f2202a35fd5ed9f56c60", size = 388334, upload-time = "2026-05-30T11:59:25.861Z" },
    { url = "https://files.pythonhosted.org/packages/43/a2/68c0702cc9d6dbc7077edbd13ccc9aa30ac589d514f51ad6f5c3840e3bf1/pyobjc_framework_cocoa-12.2-cp314-cp314t-macosx_10_15_universal2.whl", hash = "sha256:ef679740f541c52118149b558b757d1f11d9dcf30c2a23344b13a6af6a99a1ab", size = 392376, upload-time = "2026-05-30T11:59:50.031Z" },
    { url = "https://files.pythonhosted.org/packages/83/c3/e170672302e75cc1aa833546fb0d5a3bd4a126ede4124566d5a2e4a50cd6/pyobjc_framework_cocoa-12.2-cp315-cp315-macosx_10_15_universal2.whl", hash = "sha256:290e544a8c2d0786a34a359d825eaad44ebaaa3b30cdd765b2755422ca39a0d2", size = 388566, upload-time = "2026-05-30T12:00:13.606Z" },
    { url = "https://files.pythonhosted.org/packages/f7/6b/78e98e4de11646e56cf98066f9f84b43c86adc8b273a660d85a6ceba7a31/pyobjc_framework_cocoa-12.2-cp315-cp315t-macosx_10_15_universal2.whl", hash = "sha256:5a0bed77b0b56074cc2b4564aae3e6e9d5da5fdf93252f50b6dbced0f7fece3a", size = 392674, upload-time = "2026-05-30T12:00:37.572Z" },
]

[[package]]
name = "pyobjc-framework-coretext"
version = "12.2"
source = { registry = "https://pypi.org/simple" }
dependencies = [
    { name = "pyobjc-core" },
    { name = "pyobjc-framework-cocoa" },
    { name = "pyobjc-framework-quartz" },
]
sdist = { url = "https://files.pythonhosted.org/packages/1f/b0/e7ef99240f853d4dddde82c9c0114cc525de7355661b2bf2d5e04cfb1582/pyobjc_framework_coretext-12.2.tar.gz", hash = "sha256:82def2c281347e0677866315675124c84c36e9bc21651d62870cfdcecb7da34e", size = 97343, upload-time = "2026-05-30T12:37:00.996Z" }
wheels = [
    { url = "https://files.pythonhosted.org/packages/26/22/3c6dbe97cb5b121b01f61d575bf202238b0cd6f39f22f15d94179461b677/pyobjc_framework_coretext-12.2-cp314-cp314-macosx_10_15_universal2.whl", hash = "sha256:88b9e705d47a663f079f6ebbca54f5b57f305bb639d5a9d943231596653520d7", size = 30075, upload-time = "2026-05-30T12:05:26.195Z" },
    { url = "https://files.pythonhosted.org/packages/6c/28/ffd7807c835010839678c6a43b7aa66d956816becb035c2371b8d03325b6/pyobjc_framework_coretext-12.2-cp314-cp314t-macosx_10_15_universal2.whl", hash = "sha256:dec9a67529615fbcc7c11a9a655e8d17a6095d94807e5df11e0bda55b37f0190", size = 30614, upload-time = "2026-05-30T12:05:28.997Z" },
    { url = "https://files.pythonhosted.org/packages/4c/49/8c56735a3758b6570e98a22861becf514057db33abe48f7bfd6e7f533b91/pyobjc_framework_coretext-12.2-cp315-cp315-macosx_10_15_universal2.whl", hash = "sha256:639ba39b119f24198184abf878bc1633355fecb36f8eab57f32956252df30d40", size = 30080, upload-time = "2026-05-30T12:05:31.979Z" },
    { url = "https://files.pythonhosted.org/packages/0a/0a/5c881e86eda55bd4c7d33e7e93a8ef3b327e06203bfe45e16b7f8af0a3e8/pyobjc_framework_coretext-12.2-cp315-cp315t-macosx_10_15_universal2.whl", hash = "sha256:06bcb4e7de281423c212a39b3dc9873f09d9fd69da0abe93d987a59761bf265a", size = 30641, upload-time = "2026-05-30T12:05:34.814Z" },
]

[[package]]
name = "pyobjc-framework-quartz"
version = "12.2"
source = { registry = "https://pypi.org/simple" }
dependencies = [
    { name = "pyobjc-core" },
    { name = "pyobjc-framework-cocoa" },
]
sdist = { url = "https://files.pythonhosted.org/packages/91/a3/5ae4c90c13999b46315f549694f25c374c48a9f7ab18f98ace6e74f4a5c1/pyobjc_framework_quartz-12.2.tar.gz", hash = "sha256:b343395d4790323b0376fe20c83ac468510ba19f65429323ca211708c939d107", size = 3215525, upload-time = "2026-05-30T12:44:27.759Z" }
wheels = [
    { url = "https://files.pythonhosted.org/packages/11/b4/7ec90f6480b554173df109b570915c26d286c414d9444d2066fc93567781/pyobjc_framework_quartz-12.2-cp314-cp314-macosx_10_15_universal2.whl", hash = "sha256:08f7c7b42de70875cee15f4d0e217471e382ffac44d0a5bcfd30f583b9b41adb", size = 219749, upload-time = "2026-05-30T12:20:40.674Z" },
    { url = "https://files.pythonhosted.org/packages/72/f7/9a6cc42345d7a89c7344763e931476c9bf00d3b16ef1e862b1f720709afe/pyobjc_framework_quartz-12.2-cp314-cp314t-macosx_10_15_universal2.whl", hash = "sha256:57553e7085191f9421ec78fe57a8a0c8462e39d675014ac1e4b389381f04535a", size = 224703, upload-time = "2026-05-30T12:20:54.835Z" },
    { url = "https://files.pythonhosted.org/packages/41/76/a831a11a67fe36898b4b887bfe7694a291e08a96266416a832a9de97bec8/pyobjc_framework_quartz-12.2-cp315-cp315-macosx_10_15_universal2.whl", hash = "sha256:6fbd127d864108103d4980292ffca32bd9c1e5f643e0abd5773fdde2918afaca", size = 219804, upload-time = "2026-05-30T12:21:08.79Z" },
    { url = "https://files.pythonhosted.org/packages/bb/77/3223cef0bf8cc97f1d586ad1b6c79e04bfbe2a47a1fe5bd1ad3abd862325/pyobjc_framework_quartz-12.2-cp315-cp315t-macosx_10_15_universal2.whl", hash = "sha256:359738c88b12427a30d73a3d202002ab910e31eebf6bee4550495ec8aa64a004", size = 224750, upload-time = "2026-05-30T12:21:22.826Z" },
]

[[package]]
name = "python-xlib"
version = "0.33"
source = { registry = "https://pypi.org/simple" }
dependencies = [
    { name = "six" },
]
sdist = { url = "https://files.pythonhosted.org/packages/86/f5/8c0653e5bb54e0cbdfe27bf32d41f27bc4e12faa8742778c17f2a71be2c0/python-xlib-0.33.tar.gz", hash = "sha256:55af7906a2c75ce6cb280a584776080602444f75815a7aff4d287bb2d7018b32", size = 269068, upload-time = "2022-12-25T18:53:00.824Z" }
wheels = [
    { url = "https://files.pythonhosted.org/packages/fc/b8/ff33610932e0ee81ae7f1269c890f697d56ff74b9f5b2ee5d9b7fa2c5355/python_xlib-0.33-py2.py3-none-any.whl", hash = "sha256:c3534038d42e0df2f1392a1b30a15a4ff5fdc2b86cfa94f072bf11b10a164398", size = 182185, upload-time = "2022-12-25T18:52:58.662Z" },
]

[[package]]
name = "six"
version = "1.17.0"
source = { registry = "https://pypi.org/simple" }
sdist = { url = "https://files.pythonhosted.org/packages/94/e7/b2c673351809dca68a0e064b6af791aa332cf192da575fd474ed7d6f16a2/six-1.17.0.tar.gz", hash = "sha256:ff70335d468e7eb6ec65b95b99d3a2836546063f63acc5171de367e834932a81", size = 34031, upload-time = "2024-12-04T17:35:28.174Z" }
wheels = [
    { url = "https://files.pythonhosted.org/packages/b7/ce/149a00dd41f10bc29e5921b496af8b574d8413afcd5e30dfa0ed46c2cc5e/six-1.17.0-py2.py3-none-any.whl", hash = "sha256:4721f391ed90541fddacab5acf947aa0d3dc7d27b2e1e8eda2be8970586c3274", size = 11050, upload-time = "2024-12-04T17:35:26.475Z" },
]

[[package]]
name = "winotify"
version = "1.1.0"
source = { registry = "https://pypi.org/simple" }
sdist = { url = "https://files.pythonhosted.org/packages/a1/b0/1b304fdd8fd810f1f8e81a2708f8bf72e0987de1a763f0ee81f6d08bcae7/winotify-1.1.0.tar.gz", hash = "sha256:f8a0d6ff00cb2c1b3dcdfe825431f46f6aa5dc8ce84ffc59e8fda8c7e36687fe", size = 10101, upload-time = "2022-02-07T12:34:46.236Z" }
wheels = [
    { url = "https://files.pythonhosted.org/packages/72/85/6cc4c738080d60b62cad59d0f32386b8277d40e2bf8c06fd1e4101a17238/winotify-1.1.0-py3-none-any.whl", hash = "sha256:13aa9b1196b02ab3e699645b4407371ca73348421f8662565100d70c7cf552d9", size = 15034, upload-time = "2022-02-07T12:34:44.341Z" },
]
